
Microsoft Visual Studio Solution File, Format Version 12.00
# Visual Studio Version 17
VisualStudioVersion = 17.7.34024.191
MinimumVisualStudioVersion = 10.0.40219.1
Project("{FAE04EC0-301F-11D3-BF4B-00C04F79EFBC}") = "MethodOverLoading", "MethodOverLoading\MethodOverLoading.csproj", "{6B791A80-653D-4FB1-959B-3146133DF005}"
EndProject
Global
	GlobalSection(SolutionConfigurationPlatforms) = preSolution
		Debug|Any CPU = Debug|Any CPU
		Release|Any CPU = Release|Any CPU
	EndGlobalSection
	GlobalSection(ProjectConfigurationPlatforms) = postSolution
		{6B791A80-653D-4FB1-959B-3146133DF005}.Debug|Any CPU.ActiveCfg = Debug|Any CPU
		{6B791A80-653D-4FB1-959B-3146133DF005}.Debug|Any CPU.Build.0 = Debug|Any CPU
		{6B791A80-653D-4FB1-959B-3146133DF005}.Release|Any CPU.ActiveCfg = Release|Any CPU
		{6B791A80-653D-4FB1-959B-3146133DF005}.Release|Any CPU.Build.0 = Release|Any CPU
	EndGlobalSection
	GlobalSection(SolutionProperties) = preSolution
		HideSolutionNode = FALSE
	EndGlobalSection
	GlobalSection(ExtensibilityGlobals) = postSolution
		SolutionGuid = {B46C04BC-15BC-4940-998C-A4FCCDAE9CE5}
	EndGlobalSection
EndGlobal
